{
  "requires": true,
  "lockfileVersion": 1,
  "dependencies": {
    "convert-array-to-csv": {
      "version": "1.0.7",
      "resolved": "https://registry.npmjs.org/convert-array-to-csv/-/convert-array-to-csv-1.0.7.tgz",
      "integrity": "sha512-K6ZkeM6GVt/7lVh/eMNWPm1o1Dzu2jyPsaCIDvx5Uw3l2c/SN+1Psqt//6RF94n/3AcWh3n2ArQe53TIVIPpZg=="
    }
  }
}
